
Microsoft Visual Studio Solution File, Format Version 12.00
# Visual Studio Version 16
VisualStudioVersion = 16.0.32802.440
MinimumVisualStudioVersion = 10.0.40219.1
Project("{FAE04EC0-301F-11D3-BF4B-00C04F79EFBC}") = "0213", "0213\0213.csproj", "{49EC2F26-25DC-4C07-942B-99FC769442EA}"
EndProject
Global
	GlobalSection(SolutionConfigurationPlatforms) = preSolution
		Debug|Any CPU = Debug|Any CPU
		Release|Any CPU = Release|Any CPU
	EndGlobalSection
	GlobalSection(ProjectConfigurationPlatforms) = postSolution
		{49EC2F26-25DC-4C07-942B-99FC769442EA}.Debug|Any CPU.ActiveCfg = Debug|Any CPU
		{49EC2F26-25DC-4C07-942B-99FC769442EA}.Debug|Any CPU.Build.0 = Debug|Any CPU
		{49EC2F26-25DC-4C07-942B-99FC769442EA}.Release|Any CPU.ActiveCfg = Release|Any CPU
		{49EC2F26-25DC-4C07-942B-99FC769442EA}.Release|Any CPU.Build.0 = Release|Any CPU
	EndGlobalSection
	GlobalSection(SolutionProperties) = preSolution
		HideSolutionNode = FALSE
	EndGlobalSection
	GlobalSection(ExtensibilityGlobals) = postSolution
		SolutionGuid = {E5FA30F5-56FF-4FCE-A4B1-2EE58C84CAD3}
	EndGlobalSection
EndGlobal
